
Microsoft Visual Studio Solution File, Format Version 12.00
# Visual Studio Version 17
VisualStudioVersion = 17.4.33110.190
MinimumVisualStudioVersion = 10.0.40219.1
Project("{9A19103F-16F7-4668-BE54-9A1E7A4F7556}") = "PKURBI_HFT_2023241.Client", "PKURBI_HFT_2023241.Client\PKURBI_HFT_2023241.Client.csproj", "{92BE83D4-E763-4A9D-A089-5160A662642A}"
EndProject
Project("{9A19103F-16F7-4668-BE54-9A1E7A4F7556}") = "PKURBI_HFT_2023241.Models", "PKURBI_HFT_2023241.Models\PKURBI_HFT_2023241.Models.csproj", "{356F120C-BA10-408C-80DB-9B74C41068C4}"
EndProject
Project("{9A19103F-16F7-4668-BE54-9A1E7A4F7556}") = "PKURBI_HFT_2023241.Logic", "PKURBI_HFT_2023241.Logic\PKURBI_HFT_2023241.Logic.csproj", "{5823FAF1-BC77-41C3-B97F-8A67FB2D4D95}"
EndProject
Project("{9A19103F-16F7-4668-BE54-9A1E7A4F7556}") = "PKURBI_HFT_2023241.Repository", "PKURBI_HFT_2023241.Repository\PKURBI_HFT_2023241.Repository.csproj", "{E7BBC37D-1374-4CEC-8F8E-8FE13BF1F4C5}"
EndProject
Project("{9A19103F-16F7-4668-BE54-9A1E7A4F7556}") = "PKURBI_HFT_2023241.Test", "PKURBI_HFT_2023241.Test\PKURBI_HFT_2023241.Test.csproj", "{2F6588A5-41F0-44F1-9FEE-5A4BE4BA5951}"
EndProject
Project("{2150E333-8FDC-42A3-9474-1A3956D46DE8}") = "Backend", "Backend", "{C56D1FDB-B102-43D9-9F6F-2135DC20563C}"
EndProject
Project("{2150E333-8FDC-42A3-9474-1A3956D46DE8}") = "Frontend", "Frontend", "{DFEAE036-C800-4950-A921-5641B105819B}"
EndProject
Project("{2150E333-8FDC-42A3-9474-1A3956D46DE8}") = "Shared", "Shared", "{45664F0B-4C2B-4D90-9190-7F554674F1BD}"
EndProject
Project("{2150E333-8FDC-42A3-9474-1A3956D46DE8}") = "Others", "Others", "{A37CAB54-0199-40BD-8C40-629509D84495}"
	ProjectSection(SolutionItems) = preProject
		.gitignore = .gitignore
	EndProjectSection
EndProject
Project("{9A19103F-16F7-4668-BE54-9A1E7A4F7556}") = "PKURBI_HFT_2023241.Endpoint", "PKURBI_HFT_2023241.Endpoint\PKURBI_HFT_2023241.Endpoint.csproj", "{D428E7C8-F85E-4E78-BF4C-B9E1D154293A}"
EndProject
Project("{9A19103F-16F7-4668-BE54-9A1E7A4F7556}") = "PKURBI_HFT_2023241.WpfClient", "PKURBI_HFT_2023241.WpfClient\PKURBI_HFT_2023241.WpfClient.csproj", "{2D7E82DA-AFC8-4C95-AB5C-D9ED7391EB2A}"
EndProject
Project("{9A19103F-16F7-4668-BE54-9A1E7A4F7556}") = "PKURBI_HFT_2023241.JSClient", "PKURBI_HFT_2023241.JSClient\PKURBI_HFT_2023241.JSClient.csproj", "{199BFFC6-87ED-4BF2-A40B-C9EDC9486CF5}"
EndProject
Global
	GlobalSection(SolutionConfigurationPlatforms) = preSolution
		Debug|Any CPU = Debug|Any CPU
		Release|Any CPU = Release|Any CPU
	EndGlobalSection
	GlobalSection(ProjectConfigurationPlatforms) = postSolution
		{92BE83D4-E763-4A9D-A089-5160A662642A}.Debug|Any CPU.ActiveCfg = Debug|Any CPU
		{92BE83D4-E763-4A9D-A089-5160A662642A}.Debug|Any CPU.Build.0 = Debug|Any CPU
		{92BE83D4-E763-4A9D-A089-5160A662642A}.Release|Any CPU.ActiveCfg = Release|Any CPU
		{92BE83D4-E763-4A9D-A089-5160A662642A}.Release|Any CPU.Build.0 = Release|Any CPU
		{356F120C-BA10-408C-80DB-9B74C41068C4}.Debug|Any CPU.ActiveCfg = Debug|Any CPU
		{356F120C-BA10-408C-80DB-9B74C41068C4}.Debug|Any CPU.Build.0 = Debug|Any CPU
		{356F120C-BA10-408C-80DB-9B74C41068C4}.Release|Any CPU.ActiveCfg = Release|Any CPU
		{356F120C-BA10-408C-80DB-9B74C41068C4}.Release|Any CPU.Build.0 = Release|Any CPU
		{5823FAF1-BC77-41C3-B97F-8A67FB2D4D95}.Debug|Any CPU.ActiveCfg = Debug|Any CPU
		{5823FAF1-BC77-41C3-B97F-8A67FB2D4D95}.Debug|Any CPU.Build.0 = Debug|Any CPU
		{5823FAF1-BC77-41C3-B97F-8A67FB2D4D95}.Release|Any CPU.ActiveCfg = Release|Any CPU
		{5823FAF1-BC77-41C3-B97F-8A67FB2D4D95}.Release|Any CPU.Build.0 = Release|Any CPU
		{E7BBC37D-1374-4CEC-8F8E-8FE13BF1F4C5}.Debug|Any CPU.ActiveCfg = Debug|Any CPU
		{E7BBC37D-1374-4CEC-8F8E-8FE13BF1F4C5}.Debug|Any CPU.Build.0 = Debug|Any CPU
		{E7BBC37D-1374-4CEC-8F8E-8FE13BF1F4C5}.Release|Any CPU.ActiveCfg = Release|Any CPU
		{E7BBC37D-1374-4CEC-8F8E-8FE13BF1F4C5}.Release|Any CPU.Build.0 = Release|Any CPU
		{2F6588A5-41F0-44F1-9FEE-5A4BE4BA5951}.Debug|Any CPU.ActiveCfg = Debug|Any CPU
		{2F6588A5-41F0-44F1-9FEE-5A4BE4BA5951}.Debug|Any CPU.Build.0 = Debug|Any CPU
		{2F6588A5-41F0-44F1-9FEE-5A4BE4BA5951}.Release|Any CPU.ActiveCfg = Release|Any CPU
		{2F6588A5-41F0-44F1-9FEE-5A4BE4BA5951}.Release|Any CPU.Build.0 = Release|Any CPU
		{D428E7C8-F85E-4E78-BF4C-B9E1D154293A}.Debug|Any CPU.ActiveCfg = Debug|Any CPU
		{D428E7C8-F85E-4E78-BF4C-B9E1D154293A}.Debug|Any CPU.Build.0 = Debug|Any CPU
		{D428E7C8-F85E-4E78-BF4C-B9E1D154293A}.Release|Any CPU.ActiveCfg = Release|Any CPU
		{D428E7C8-F85E-4E78-BF4C-B9E1D154293A}.Release|Any CPU.Build.0 = Release|Any CPU
		{2D7E82DA-AFC8-4C95-AB5C-D9ED7391EB2A}.Debug|Any CPU.ActiveCfg = Debug|Any CPU
		{2D7E82DA-AFC8-4C95-AB5C-D9ED7391EB2A}.Debug|Any CPU.Build.0 = Debug|Any CPU
		{2D7E82DA-AFC8-4C95-AB5C-D9ED7391EB2A}.Release|Any CPU.ActiveCfg = Release|Any CPU
		{2D7E82DA-AFC8-4C95-AB5C-D9ED7391EB2A}.Release|Any CPU.Build.0 = Release|Any CPU
		{199BFFC6-87ED-4BF2-A40B-C9EDC9486CF5}.Debug|Any CPU.ActiveCfg = Debug|Any CPU
		{199BFFC6-87ED-4BF2-A40B-C9EDC9486CF5}.Debug|Any CPU.Build.0 = Debug|Any CPU
		{199BFFC6-87ED-4BF2-A40B-C9EDC9486CF5}.Release|Any CPU.ActiveCfg = Release|Any CPU
		{199BFFC6-87ED-4BF2-A40B-C9EDC9486CF5}.Release|Any CPU.Build.0 = Release|Any CPU
	EndGlobalSection
	GlobalSection(SolutionProperties) = preSolution
		HideSolutionNode = FALSE
	EndGlobalSection
	GlobalSection(NestedProjects) = preSolution
		{92BE83D4-E763-4A9D-A089-5160A662642A} = {DFEAE036-C800-4950-A921-5641B105819B}
		{356F120C-BA10-408C-80DB-9B74C41068C4} = {45664F0B-4C2B-4D90-9190-7F554674F1BD}
		{5823FAF1-BC77-41C3-B97F-8A67FB2D4D95} = {C56D1FDB-B102-43D9-9F6F-2135DC20563C}
		{E7BBC37D-1374-4CEC-8F8E-8FE13BF1F4C5} = {C56D1FDB-B102-43D9-9F6F-2135DC20563C}
		{2F6588A5-41F0-44F1-9FEE-5A4BE4BA5951} = {C56D1FDB-B102-43D9-9F6F-2135DC20563C}
		{D428E7C8-F85E-4E78-BF4C-B9E1D154293A} = {C56D1FDB-B102-43D9-9F6F-2135DC20563C}
		{2D7E82DA-AFC8-4C95-AB5C-D9ED7391EB2A} = {DFEAE036-C800-4950-A921-5641B105819B}
	EndGlobalSection
	GlobalSection(ExtensibilityGlobals) = postSolution
		SolutionGuid = {C1048B54-91D8-4379-AE75-58762A7E8251}
	EndGlobalSection
EndGlobal
